
Microsoft Visual Studio Solution File, Format Version 12.00
# Visual Studio Version 17
VisualStudioVersion = 17.1.32407.343
MinimumVisualStudioVersion = 10.0.40219.1
Project("{8BC9CEB8-8B4A-11D0-8D11-00A0C91BC942}") = "Study_2022_04_15", "Study_2022_04_15\Study_2022_04_15.vcxproj", "{4DE7874D-5D88-4CB3-B48A-873A2D22E433}"
EndProject
Global
	GlobalSection(SolutionConfigurationPlatforms) = preSolution
		Debug|x64 = Debug|x64
		Debug|x86 = Debug|x86
		Release|x64 = Release|x64
		Release|x86 = Release|x86
	EndGlobalSection
	GlobalSection(ProjectConfigurationPlatforms) = postSolution
		{4DE7874D-5D88-4CB3-B48A-873A2D22E433}.Debug|x64.ActiveCfg = Debug|x64
		{4DE7874D-5D88-4CB3-B48A-873A2D22E433}.Debug|x64.Build.0 = Debug|x64
		{4DE7874D-5D88-4CB3-B48A-873A2D22E433}.Debug|x86.ActiveCfg = Debug|Win32
		{4DE7874D-5D88-4CB3-B48A-873A2D22E433}.Debug|x86.Build.0 = Debug|Win32
		{4DE7874D-5D88-4CB3-B48A-873A2D22E433}.Release|x64.ActiveCfg = Release|x64
		{4DE7874D-5D88-4CB3-B48A-873A2D22E433}.Release|x64.Build.0 = Release|x64
		{4DE7874D-5D88-4CB3-B48A-873A2D22E433}.Release|x86.ActiveCfg = Release|Win32
		{4DE7874D-5D88-4CB3-B48A-873A2D22E433}.Release|x86.Build.0 = Release|Win32
	EndGlobalSection
	GlobalSection(SolutionProperties) = preSolution
		HideSolutionNode = FALSE
	EndGlobalSection
	GlobalSection(ExtensibilityGlobals) = postSolution
		SolutionGuid = {54A1DBF7-EDED-44F9-9DC4-41E0F1589E66}
	EndGlobalSection
EndGlobal
