
Microsoft Visual Studio Solution File, Format Version 12.00
# Visual Studio Version 17
VisualStudioVersion = 17.1.32414.318
MinimumVisualStudioVersion = 10.0.40219.1
Project("{8BC9CEB8-8B4A-11D0-8D11-00A0C91BC942}") = "Study_2022_05_03", "Study_2022_05_03\Study_2022_05_03.vcxproj", "{EAC97DBC-46F4-497E-B005-5C2376156AEB}"
EndProject
Global
	GlobalSection(SolutionConfigurationPlatforms) = preSolution
		Debug|x64 = Debug|x64
		Debug|x86 = Debug|x86
		Release|x64 = Release|x64
		Release|x86 = Release|x86
	EndGlobalSection
	GlobalSection(ProjectConfigurationPlatforms) = postSolution
		{EAC97DBC-46F4-497E-B005-5C2376156AEB}.Debug|x64.ActiveCfg = Debug|x64
		{EAC97DBC-46F4-497E-B005-5C2376156AEB}.Debug|x64.Build.0 = Debug|x64
		{EAC97DBC-46F4-497E-B005-5C2376156AEB}.Debug|x86.ActiveCfg = Debug|Win32
		{EAC97DBC-46F4-497E-B005-5C2376156AEB}.Debug|x86.Build.0 = Debug|Win32
		{EAC97DBC-46F4-497E-B005-5C2376156AEB}.Release|x64.ActiveCfg = Release|x64
		{EAC97DBC-46F4-497E-B005-5C2376156AEB}.Release|x64.Build.0 = Release|x64
		{EAC97DBC-46F4-497E-B005-5C2376156AEB}.Release|x86.ActiveCfg = Release|Win32
		{EAC97DBC-46F4-497E-B005-5C2376156AEB}.Release|x86.Build.0 = Release|Win32
	EndGlobalSection
	GlobalSection(SolutionProperties) = preSolution
		HideSolutionNode = FALSE
	EndGlobalSection
	GlobalSection(ExtensibilityGlobals) = postSolution
		SolutionGuid = {7D2E9B04-F4E8-4FF0-AC2E-865CF8882EEA}
	EndGlobalSection
EndGlobal
